
Microsoft Visual Studio Solution File, Format Version 12.00
# Visual Studio Version 16
VisualStudioVersion = 16.0.30002.166
MinimumVisualStudioVersion = 10.0.40219.1
Project("{FAE04EC0-301F-11D3-BF4B-00C04F79EFBC}") = "лаба 4", "лаба 4\лаба 4.csproj", "{A9C32788-015E-4024-8011-9B81A91F4D9C}"
EndProject
Global
	GlobalSection(SolutionConfigurationPlatforms) = preSolution
		Debug|Any CPU = Debug|Any CPU
		Release|Any CPU = Release|Any CPU
	EndGlobalSection
	GlobalSection(ProjectConfigurationPlatforms) = postSolution
		{A9C32788-015E-4024-8011-9B81A91F4D9C}.Debug|Any CPU.ActiveCfg = Debug|Any CPU
		{A9C32788-015E-4024-8011-9B81A91F4D9C}.Debug|Any CPU.Build.0 = Debug|Any CPU
		{A9C32788-015E-4024-8011-9B81A91F4D9C}.Release|Any CPU.ActiveCfg = Release|Any CPU
		{A9C32788-015E-4024-8011-9B81A91F4D9C}.Release|Any CPU.Build.0 = Release|Any CPU
	EndGlobalSection
	GlobalSection(SolutionProperties) = preSolution
		HideSolutionNode = FALSE
	EndGlobalSection
	GlobalSection(ExtensibilityGlobals) = postSolution
		SolutionGuid = {F2C5FB35-EE0A-4D25-832F-A11A01E2A8E4}
	EndGlobalSection
EndGlobal
